
Microsoft Visual Studio Solution File, Format Version 12.00
# Visual Studio Version 17
VisualStudioVersion = 17.3.32819.101
MinimumVisualStudioVersion = 10.0.40219.1
Project("{9A19103F-16F7-4668-BE54-9A1E7A4F7556}") = "StudentEnrollmentSystem", "StudentEnrollmentSystem\StudentEnrollmentSystem.csproj", "{058E86FE-A0EF-4A3E-A7C1-04C14516ABAF}"
EndProject
Project("{FAE04EC0-301F-11D3-BF4B-00C04F79EFBC}") = "StudentEnrollmentAPI", "StudentEnrollmentAPI\StudentEnrollmentAPI.csproj", "{2946B53B-FEDB-455F-A697-55DB501C15D0}"
EndProject
Global
	GlobalSection(SolutionConfigurationPlatforms) = preSolution
		Debug|Any CPU = Debug|Any CPU
		Release|Any CPU = Release|Any CPU
	EndGlobalSection
	GlobalSection(ProjectConfigurationPlatforms) = postSolution
		{058E86FE-A0EF-4A3E-A7C1-04C14516ABAF}.Debug|Any CPU.ActiveCfg = Debug|Any CPU
		{058E86FE-A0EF-4A3E-A7C1-04C14516ABAF}.Debug|Any CPU.Build.0 = Debug|Any CPU
		{058E86FE-A0EF-4A3E-A7C1-04C14516ABAF}.Release|Any CPU.ActiveCfg = Release|Any CPU
		{058E86FE-A0EF-4A3E-A7C1-04C14516ABAF}.Release|Any CPU.Build.0 = Release|Any CPU
		{2946B53B-FEDB-455F-A697-55DB501C15D0}.Debug|Any CPU.ActiveCfg = Debug|Any CPU
		{2946B53B-FEDB-455F-A697-55DB501C15D0}.Debug|Any CPU.Build.0 = Debug|Any CPU
		{2946B53B-FEDB-455F-A697-55DB501C15D0}.Release|Any CPU.ActiveCfg = Release|Any CPU
		{2946B53B-FEDB-455F-A697-55DB501C15D0}.Release|Any CPU.Build.0 = Release|Any CPU
	EndGlobalSection
	GlobalSection(SolutionProperties) = preSolution
		HideSolutionNode = FALSE
	EndGlobalSection
	GlobalSection(ExtensibilityGlobals) = postSolution
		SolutionGuid = {507ECF12-AD41-4829-BE39-48267FE254D1}
	EndGlobalSection
EndGlobal
